
Microsoft Visual Studio Solution File, Format Version 12.00
# Visual Studio Version 16
VisualStudioVersion = 16.0.32126.315
MinimumVisualStudioVersion = 10.0.40219.1
Project("{FAE04EC0-301F-11D3-BF4B-00C04F79EFBC}") = "MyBlockbuster", "MyBlockbuster\MyBlockbuster.csproj", "{90D433DE-1BDD-4E05-9A0A-F5E9CAAC7404}"
EndProject
Global
	GlobalSection(SolutionConfigurationPlatforms) = preSolution
		Debug|Any CPU = Debug|Any CPU
		Release|Any CPU = Release|Any CPU
	EndGlobalSection
	GlobalSection(ProjectConfigurationPlatforms) = postSolution
		{90D433DE-1BDD-4E05-9A0A-F5E9CAAC7404}.Debug|Any CPU.ActiveCfg = Debug|Any CPU
		{90D433DE-1BDD-4E05-9A0A-F5E9CAAC7404}.Debug|Any CPU.Build.0 = Debug|Any CPU
		{90D433DE-1BDD-4E05-9A0A-F5E9CAAC7404}.Release|Any CPU.ActiveCfg = Release|Any CPU
		{90D433DE-1BDD-4E05-9A0A-F5E9CAAC7404}.Release|Any CPU.Build.0 = Release|Any CPU
	EndGlobalSection
	GlobalSection(SolutionProperties) = preSolution
		HideSolutionNode = FALSE
	EndGlobalSection
	GlobalSection(ExtensibilityGlobals) = postSolution
		SolutionGuid = {1C9709D4-3484-4377-996D-E5DB0C110FD3}
	EndGlobalSection
EndGlobal
